{
  "name": "@my-component/play",
  "version": "0.0.0",
  "lockfileVersion": 3,
  "requires": true,
  "packages": {
    "": {
      "name": "@my-component/play",
      "version": "0.0.0",
      "devDependencies": {
        "@chromatic-com/storybook": "^4.0.1",
        "@fortawesome/fontawesome-svg-core": "^6.5.2",
        "@fortawesome/free-solid-svg-icons": "^6.5.2",
        "@fortawesome/vue-fontawesome": "^3.0.8",
        "@storybook/addon-a11y": "^9.0.14",
        "@storybook/addon-docs": "^9.0.14",
        "@storybook/addon-vitest": "^9.0.14",
        "@storybook/test": "^8.6.14",
        "@storybook/vue3-vite": "^9.0.14",
        "@vitejs/plugin-vue": "^6.0.0",
        "@vitest/browser": "^3.2.4",
        "@vitest/coverage-v8": "^3.2.4",
        "@vue/tsconfig": "^0.7.0",
        "playwright": "^1.53.1",
        "storybook": "^9.0.14",
        "vite": "5.2.10"
      }
    },
    "../../node_modules/.pnpm/@chromatic-com+storybook@4.0.1_storybook@9.0.14_@testing-library+dom@10.4.0_/node_modules/@chromatic-com/storybook": {
      "version": "4.0.1",
      "dev": true,
      "license": "MIT",
      "dependencies": {
        "@neoconfetti/react": "^1.0.0",
        "chromatic": "^12.0.0",
        "filesize": "^10.0.12",
        "jsonfile": "^6.1.0",
        "strip-ansi": "^7.1.0"
      },
      "devDependencies": {
        "@0no-co/graphqlsp": "^1.12.16",
        "@auto-it/slack": "^11.2.1",
        "@emotion/weak-memoize": "^0.3.1",
        "@graphql-codegen/cli": "^5.0.5",
        "@graphql-typed-document-node/core": "^3.2.0",
        "@parcel/watcher": "^2.4.1",
        "@storybook/addon-designs": "^10.0.1",
        "@storybook/addon-docs": "^9.0.0",
        "@storybook/icons": "^1.4.0",
        "@storybook/react-vite": "^9.0.0",
        "@types/jsonfile": "^6.1.1",
        "@types/node": "^22.13.5",
        "@types/pluralize": "^0.0.29",
        "@types/react": "^18.3.11",
        "@types/react-dom": "^18.3.0",
        "@typescript-eslint/eslint-plugin": "^8.25.0",
        "@typescript-eslint/parser": "^8.25.0",
        "@urql/exchange-auth": "^2.1.6",
        "@vitejs/plugin-react": "^4.3.4",
        "@vitest/coverage-v8": "^3.0.8",
        "auto": "^11.0.5",
        "boxen": "^5.0.1",
        "date-fns": "^2.30.0",
        "dedent": "^0.7.0",
        "eslint": "^9.21.0",
        "eslint-config-prettier": "^10.0.2",
        "eslint-plugin-jest": "^28.11.0",
        "eslint-plugin-prettier": "^5.2.3",
        "eslint-plugin-react-hooks": "^5.0.0",
        "eslint-plugin-simple-import-sort": "^12.1.1",
        "eslint-plugin-storybook": "^9.0.0",
        "graphql": "^16.8.1",
        "msw": "^2.0.0",
        "msw-storybook-addon": "2.0.4",
        "npm-run-all": "^4.1.5",
        "pluralize": "^8.0.0",
        "polished": "^4.2.2",
        "prettier": "^3.5.3",
        "prompts": "^2.4.2",
        "prop-types": "^15.8.1",
        "react": "^18.3.1",
        "react-dom": "^18.3.1",
        "react-joyride": "^2.7.2",
        "rimraf": "^3.0.2",
        "storybook": "^9.0.0",
        "ts-dedent": "^2.2.0",
        "tsup": "^6.6.3",
        "typescript": "^5.7.3",
        "urql": "^4.0.3",
        "uuid": "^11.1.0",
        "vite": "^6.2.2",
        "vite-plugin-environment": "^1.1.3",
        "vite-plugin-turbosnap": "^1.0.3",
        "vitest": "^3.0.8",
        "zod": "^3.22.2",
        "zx": "^1.14.1"
      },
      "engines": {
        "node": ">=20.0.0",
        "yarn": ">=1.22.18"
      },
      "peerDependencies": {
        "storybook": "^0.0.0-0 || ^9.0.0 || ^9.1.0-0"
      }
    },
    "../../node_modules/.pnpm/@fortawesome+fontawesome-svg-core@6.7.2/node_modules/@fortawesome/fontawesome-svg-core": {
      "version": "6.7.2",
      "dev": true,
      "license": "MIT",
      "dependencies": {
        "@fortawesome/fontawesome-common-types": "6.7.2"
      },
      "engines": {
        "node": ">=6"
      }
    },
    "../../node_modules/.pnpm/@fortawesome+free-solid-svg-icons@6.7.2/node_modules/@fortawesome/free-solid-svg-icons": {
      "version": "6.7.2",
      "dev": true,
      "license": "(CC-BY-4.0 AND MIT)",
      "dependencies": {
        "@fortawesome/fontawesome-common-types": "6.7.2"
      },
      "engines": {
        "node": ">=6"
      }
    },
    "../../node_modules/.pnpm/@fortawesome+vue-fontawesome@3.0.8_@fortawesome+fontawesome-svg-core@6.7.2_vue@3.5.17_typescript@5.8.3_/node_modules/@fortawesome/vue-fontawesome": {
      "version": "3.0.8",
      "dev": true,
      "license": "MIT",
      "devDependencies": {
        "@babel/core": "^7.18.2",
        "@babel/plugin-external-helpers": "^7.17.12",
        "@babel/plugin-proposal-class-properties": "^7.17.12",
        "@babel/plugin-proposal-json-strings": "^7.17.12",
        "@babel/plugin-syntax-dynamic-import": "^7.8.3",
        "@babel/plugin-syntax-import-meta": "^7.10.4",
        "@babel/preset-env": "^7.18.2",
        "@fortawesome/fontawesome-svg-core": "~6",
        "@fortawesome/free-solid-svg-icons": "^6",
        "@rollup/plugin-babel": "^5.3.1",
        "@rollup/plugin-commonjs": "^22.0.0",
        "@rollup/plugin-node-resolve": "^13.3.0",
        "@vue/test-utils": "^2.0.0-beta.2",
        "babel-core": "^7.0.0-bridge.0",
        "babel-jest": "^28.1.1",
        "concurrently": "^7.2.1",
        "cross-env": "^7.0.3",
        "humps": "^2.0.1",
        "husky": "^8.0.1",
        "install": "^0.13.0",
        "jest": "^28.1.1",
        "jest-environment-jsdom": "^28.1.1",
        "lint-staged": "^13.0.0",
        "markdown-toc": "^1.2.0",
        "npm": "^10.2.2",
        "prettier": "^3.0.3",
        "rollup": "^2.75.6",
        "vue": "^3"
      },
      "peerDependencies": {
        "@fortawesome/fontawesome-svg-core": "~1 || ~6",
        "vue": ">= 3.0.0 < 4"
      }
    },
    "../../node_modules/.pnpm/@storybook+addon-a11y@9.0.14_storybook@9.0.14_@testing-library+dom@10.4.0_/node_modules/@storybook/addon-a11y": {
      "version": "9.0.14",
      "dev": true,
      "license": "MIT",
      "dependencies": {
        "@storybook/global": "^5.0.0",
        "axe-core": "^4.2.0"
      },
      "devDependencies": {
        "@radix-ui/react-tabs": "1.0.4",
        "@storybook/icons": "^1.4.0",
        "@testing-library/react": "^14.0.0",
        "execa": "^9.5.2",
        "react": "^18.2.0",
        "react-dom": "^18.2.0",
        "react-resize-detector": "^7.1.2",
        "typescript": "^5.8.3",
        "vitest-axe": "^0.1.0"
      },
      "funding": {
        "type": "opencollective",
        "url": "https://opencollective.com/storybook"
      },
      "peerDependencies": {
        "storybook": "^9.0.14"
      }
    },
    "../../node_modules/.pnpm/@storybook+addon-docs@9.0.14_@types+react@19.1.8_storybook@9.0.14_@testing-library+dom@10.4.0_/node_modules/@storybook/addon-docs": {
      "version": "9.0.14",
      "dev": true,
      "license": "MIT",
      "dependencies": {
        "@mdx-js/react": "^3.0.0",
        "@storybook/csf-plugin": "9.0.14",
        "@storybook/icons": "^1.2.12",
        "@storybook/react-dom-shim": "9.0.14",
        "react": "^16.8.0 || ^17.0.0 || ^18.0.0 || ^19.0.0",
        "react-dom": "^16.8.0 || ^17.0.0 || ^18.0.0 || ^19.0.0",
        "ts-dedent": "^2.0.0"
      },
      "devDependencies": {
        "@mdx-js/mdx": "^3.0.0",
        "@rollup/pluginutils": "^5.0.2",
        "@types/color-convert": "^2.0.0",
        "@types/react": "^16.8.0 || ^17.0.0 || ^18.0.0 || ^19.0.0",
        "color-convert": "^2.0.1",
        "es-toolkit": "^1.36.0",
        "github-slugger": "^2.0.0",
        "markdown-to-jsx": "^7.7.2",
        "memoizerific": "^1.11.3",
        "polished": "^4.2.2",
        "react": "^18.2.0",
        "react-colorful": "^5.1.2",
        "react-dom": "^18.2.0",
        "rehype-external-links": "^3.0.0",
        "rehype-slug": "^6.0.0",
        "telejson": "8.0.0",
        "tocbot": "^4.20.1",
        "typescript": "^5.8.3",
        "vite": "^6.2.5"
      },
      "funding": {
        "type": "opencollective",
        "url": "https://opencollective.com/storybook"
      },
      "peerDependencies": {
        "storybook": "^9.0.14"
      }
    },
    "../../node_modules/.pnpm/@storybook+addon-vitest@9.0.14_@vitest+browser@3.2.4_react-dom@19.1.0_react@19.1.0__rea_19dd1a2acd8d2889b6ab24312e1806bb/node_modules/@storybook/addon-vitest": {
      "version": "9.0.14",
      "dev": true,
      "license": "MIT",
      "dependencies": {
        "@storybook/global": "^5.0.0",
        "@storybook/icons": "^1.4.0",
        "prompts": "^2.4.0",
        "ts-dedent": "^2.2.0"
      },
      "devDependencies": {
        "@types/istanbul-lib-report": "^3.0.3",
        "@types/micromatch": "^4.0.0",
        "@types/node": "^22.0.0",
        "@types/semver": "^7",
        "@vitest/browser": "^3.2.4",
        "@vitest/runner": "^3.2.4",
        "boxen": "^8.0.1",
        "es-toolkit": "^1.36.0",
        "execa": "^8.0.1",
        "find-up": "^7.0.0",
        "istanbul-lib-report": "^3.0.1",
        "micromatch": "^4.0.8",
        "pathe": "^1.1.2",
        "picocolors": "^1.1.0",
        "react": "^18.2.0",
        "react-dom": "^18.2.0",
        "semver": "^7.6.3",
        "sirv": "^2.0.4",
        "slash": "^5.0.0",
        "tinyglobby": "^0.2.10",
        "tree-kill": "^1.2.2",
        "ts-dedent": "^2.2.0",
        "typescript": "^5.8.3",
        "vitest": "^3.2.4"
      },
      "funding": {
        "type": "opencollective",
        "url": "https://opencollective.com/storybook"
      },
      "peerDependencies": {
        "@vitest/browser": "^3.0.0",
        "@vitest/runner": "^3.0.0",
        "storybook": "^9.0.14",
        "vitest": "^3.0.0"
      },
      "peerDependenciesMeta": {
        "@vitest/browser": {
          "optional": true
        },
        "@vitest/runner": {
          "optional": true
        },
        "vitest": {
          "optional": true
        }
      }
    },
    "../../node_modules/.pnpm/@storybook+test@8.6.14_storybook@9.0.14_@testing-library+dom@10.4.0_/node_modules/@storybook/test": {
      "version": "8.6.14",
      "dev": true,
      "license": "MIT",
      "dependencies": {
        "@storybook/global": "^5.0.0",
        "@storybook/instrumenter": "8.6.14",
        "@testing-library/dom": "10.4.0",
        "@testing-library/jest-dom": "6.5.0",
        "@testing-library/user-event": "14.5.2",
        "@vitest/expect": "2.0.5",
        "@vitest/spy": "2.0.5"
      },
      "devDependencies": {
        "chai": "^5.1.1",
        "tinyspy": "^3.0.0",
        "ts-dedent": "^2.2.0",
        "type-fest": "~2.19",
        "typescript": "^5.7.3"
      },
      "funding": {
        "type": "opencollective",
        "url": "https://opencollective.com/storybook"
      },
      "peerDependencies": {
        "storybook": "^8.6.14"
      }
    },
    "../../node_modules/.pnpm/@storybook+vue3-vite@9.0.14_storybook@9.0.14_@testing-library+dom@10.4.0__vite@5.2.10_@_8beb8f19b02d3efd02d7ea950303782a/node_modules/@storybook/vue3-vite": {
      "version": "9.0.14",
      "dev": true,
      "license": "MIT",
      "dependencies": {
        "@storybook/builder-vite": "9.0.14",
        "@storybook/vue3": "9.0.14",
        "find-package-json": "^1.2.0",
        "magic-string": "^0.30.0",
        "typescript": "^5.8.3",
        "vue-component-meta": "^2.0.0",
        "vue-docgen-api": "^4.75.1"
      },
      "devDependencies": {
        "@types/find-package-json": "^1.2.6",
        "@types/node": "^22.0.0",
        "typescript": "^5.8.3",
        "vite": "^6.2.5"
      },
      "engines": {
        "node": ">=20.0.0"
      },
      "funding": {
        "type": "opencollective",
        "url": "https://opencollective.com/storybook"
      },
      "peerDependencies": {
        "storybook": "^9.0.14",
        "vite": "^5.0.0 || ^6.0.0 || ^7.0.0"
      }
    },
    "../../node_modules/.pnpm/@vitejs+plugin-vue@6.0.0_vite@5.2.10_@types+node@20.19.1__vue@3.5.17_typescript@5.8.3_/node_modules/@vitejs/plugin-vue": {
      "version": "6.0.0",
      "dev": true,
      "license": "MIT",
      "dependencies": {
        "@rolldown/pluginutils": "1.0.0-beta.19"
      },
      "devDependencies": {
        "@jridgewell/gen-mapping": "^0.3.8",
        "@jridgewell/trace-mapping": "^0.3.25",
        "debug": "^4.4.1",
        "rollup": "^4.43.0",
        "slash": "^5.1.0",
        "source-map-js": "^1.2.1",
        "vite": "^6.3.5",
        "vue": "^3.5.17"
      },
      "engines": {
        "node": "^20.19.0 || >=22.12.0"
      },
      "peerDependencies": {
        "vite": "^5.0.0 || ^6.0.0 || ^7.0.0",
        "vue": "^3.2.25"
      }
    },
    "../../node_modules/.pnpm/@vitest+browser@3.2.4_playwright@1.53.1_vite@5.2.10_@types+node@20.19.1__vitest@1.6.1/node_modules/@vitest/browser": {
      "version": "3.2.4",
      "dev": true,
      "license": "MIT",
      "dependencies": {
        "@testing-library/dom": "^10.4.0",
        "@testing-library/user-event": "^14.6.1",
        "@vitest/mocker": "3.2.4",
        "@vitest/utils": "3.2.4",
        "magic-string": "^0.30.17",
        "sirv": "^3.0.1",
        "tinyrainbow": "^2.0.0",
        "ws": "^8.18.2"
      },
      "devDependencies": {
        "@types/ws": "^8.18.1",
        "@vitest/runner": "3.2.4",
        "@vitest/ui": "3.2.4",
        "@vitest/ws-client": "3.2.4",
        "@wdio/protocols": "^9.15.0",
        "@wdio/types": "^9.15.0",
        "birpc": "2.4.0",
        "flatted": "^3.3.3",
        "ivya": "^1.7.0",
        "mime": "^4.0.7",
        "pathe": "^2.0.3",
        "periscopic": "^4.0.2",
        "playwright": "^1.53.0",
        "playwright-core": "^1.53.0",
        "safaridriver": "^1.0.0",
        "vitest": "3.2.4",
        "webdriverio": "^9.15.0"
      },
      "funding": {
        "url": "https://opencollective.com/vitest"
      },
      "peerDependencies": {
        "playwright": "*",
        "vitest": "3.2.4",
        "webdriverio": "^7.0.0 || ^8.0.0 || ^9.0.0"
      },
      "peerDependenciesMeta": {
        "playwright": {
          "optional": true
        },
        "safaridriver": {
          "optional": true
        },
        "webdriverio": {
          "optional": true
        }
      }
    },
    "../../node_modules/.pnpm/@vitest+coverage-v8@3.2.4_@vitest+browser@3.2.4_vitest@1.6.1/node_modules/@vitest/coverage-v8": {
      "version": "3.2.4",
      "dev": true,
      "license": "MIT",
      "dependencies": {
        "@ampproject/remapping": "^2.3.0",
        "@bcoe/v8-coverage": "^1.0.2",
        "ast-v8-to-istanbul": "^0.3.3",
        "debug": "^4.4.1",
        "istanbul-lib-coverage": "^3.2.2",
        "istanbul-lib-report": "^3.0.1",
        "istanbul-lib-source-maps": "^5.0.6",
        "istanbul-reports": "^3.1.7",
        "magic-string": "^0.30.17",
        "magicast": "^0.3.5",
        "std-env": "^3.9.0",
        "test-exclude": "^7.0.1",
        "tinyrainbow": "^2.0.0"
      },
      "devDependencies": {
        "@types/debug": "^4.1.12",
        "@types/istanbul-lib-coverage": "^2.0.6",
        "@types/istanbul-lib-report": "^3.0.3",
        "@types/istanbul-lib-source-maps": "^4.0.4",
        "@types/istanbul-reports": "^3.0.4",
        "@types/test-exclude": "^6.0.2",
        "@vitest/browser": "3.2.4",
        "pathe": "^2.0.3",
        "v8-to-istanbul": "^9.3.0",
        "vite-node": "3.2.4",
        "vitest": "3.2.4"
      },
      "funding": {
        "url": "https://opencollective.com/vitest"
      },
      "peerDependencies": {
        "@vitest/browser": "3.2.4",
        "vitest": "3.2.4"
      },
      "peerDependenciesMeta": {
        "@vitest/browser": {
          "optional": true
        }
      }
    },
    "../../node_modules/.pnpm/@vue+tsconfig@0.7.0_typescript@5.8.3_vue@3.5.17_typescript@5.8.3_/node_modules/@vue/tsconfig": {
      "version": "0.7.0",
      "dev": true,
      "license": "MIT",
      "peerDependencies": {
        "typescript": "5.x",
        "vue": "^3.4.0"
      },
      "peerDependenciesMeta": {
        "typescript": {
          "optional": true
        },
        "vue": {
          "optional": true
        }
      }
    },
    "../../node_modules/.pnpm/playwright@1.53.1/node_modules/playwright": {
      "version": "1.53.1",
      "dev": true,
      "license": "Apache-2.0",
      "dependencies": {
        "playwright-core": "1.53.1"
      },
      "bin": {
        "playwright": "cli.js"
      },
      "engines": {
        "node": ">=18"
      },
      "optionalDependencies": {
        "fsevents": "2.3.2"
      }
    },
    "../../node_modules/.pnpm/storybook@9.0.14_@testing-library+dom@10.4.0/node_modules/storybook": {
      "version": "9.0.14",
      "dev": true,
      "license": "MIT",
      "dependencies": {
        "@storybook/global": "^5.0.0",
        "@testing-library/jest-dom": "^6.6.3",
        "@testing-library/user-event": "^14.6.1",
        "@vitest/expect": "3.2.4",
        "@vitest/spy": "3.2.4",
        "better-opn": "^3.0.2",
        "esbuild": "^0.18.0 || ^0.19.0 || ^0.20.0 || ^0.21.0 || ^0.22.0 || ^0.23.0 || ^0.24.0 || ^0.25.0",
        "esbuild-register": "^3.5.0",
        "recast": "^0.23.5",
        "semver": "^7.6.2",
        "ws": "^8.18.0"
      },
      "bin": {
        "storybook": "bin/index.cjs"
      },
      "devDependencies": {
        "@aw-web-design/x-default-browser": "1.4.126",
        "@babel/core": "^7.26.9",
        "@babel/generator": "^7.26.9",
        "@babel/parser": "^7.26.9",
        "@babel/traverse": "^7.26.9",
        "@babel/types": "^7.26.8",
        "@clack/prompts": "^1.0.0-alpha.0",
        "@devtools-ds/object-inspector": "^1.1.2",
        "@discoveryjs/json-ext": "^0.5.3",
        "@emotion/cache": "^11.14.0",
        "@emotion/is-prop-valid": "^1.3.1",
        "@emotion/react": "^11.14.0",
        "@emotion/styled": "^11.14.0",
        "@fal-works/esbuild-plugin-global-externals": "^2.1.2",
        "@ndelangen/get-tarball": "^3.0.7",
        "@ngard/tiny-isequal": "^1.1.0",
        "@polka/compression": "^1.0.0-next.28",
        "@radix-ui/react-dialog": "^1.1.2",
        "@radix-ui/react-scroll-area": "1.2.0-rc.7",
        "@radix-ui/react-slot": "^1.0.2",
        "@storybook/docs-mdx": "4.0.0-next.1",
        "@storybook/icons": "^1.4.0",
        "@tanstack/react-virtual": "^3.3.0",
        "@testing-library/dom": "10.4.0",
        "@testing-library/react": "^14.0.0",
        "@types/cross-spawn": "^6.0.6",
        "@types/detect-port": "^1.3.0",
        "@types/diff": "^5.0.9",
        "@types/ejs": "^3.1.1",
        "@types/find-cache-dir": "^5.0.0",
        "@types/js-yaml": "^4.0.5",
        "@types/node": "^22.0.0",
        "@types/npmlog": "^7.0.0",
        "@types/picomatch": "^2.3.0",
        "@types/prettier": "^3.0.0",
        "@types/pretty-hrtime": "^1.0.0",
        "@types/prompts": "^2.0.9",
        "@types/react-syntax-highlighter": "11.0.5",
        "@types/react-transition-group": "^4",
        "@types/semver": "^7.5.8",
        "@types/ws": "^8",
        "@vitest/utils": "^3.2.4",
        "@yarnpkg/esbuild-plugin-pnp": "^3.0.0-rc.10",
        "@yarnpkg/fslib": "2.10.3",
        "@yarnpkg/libzip": "2.3.0",
        "ansi-to-html": "^0.7.2",
        "boxen": "^7.1.1",
        "browser-dtector": "^3.4.0",
        "bundle-require": "^5.1.0",
        "camelcase": "^8.0.0",
        "chai": "^5.1.1",
        "cli-table3": "^0.6.1",
        "commander": "^12.1.0",
        "comment-parser": "^1.4.1",
        "copy-to-clipboard": "^3.3.1",
        "cross-spawn": "^7.0.6",
        "deep-object-diff": "^1.1.0",
        "dequal": "^2.0.2",
        "detect-indent": "^7.0.1",
        "detect-port": "^1.3.0",
        "diff": "^5.2.0",
        "downshift": "^9.0.4",
        "ejs": "^3.1.10",
        "es-toolkit": "^1.36.0",
        "esbuild": "^0.18.0 || ^0.19.0 || ^0.20.0 || ^0.21.0 || ^0.22.0 || ^0.23.0 || ^0.24.0 || ^0.25.0",
        "execa": "^8.0.1",
        "fd-package-json": "^1.2.0",
        "fetch-retry": "^6.0.0",
        "find-cache-dir": "^5.0.0",
        "find-up": "^7.0.0",
        "flush-promises": "^1.0.2",
        "fuse.js": "^3.6.1",
        "get-npm-tarball-url": "^2.0.3",
        "glob": "^10.0.0",
        "globby": "^14.0.1",
        "jiti": "^1.21.6",
        "js-yaml": "^4.1.0",
        "jsdoc-type-pratt-parser": "^4.0.0",
        "lazy-universal-dotenv": "^4.0.0",
        "leven": "^4.0.0",
        "memfs": "^4.11.1",
        "memoizerific": "^1.11.3",
        "nanoid": "^4.0.2",
        "npmlog": "^7.0.0",
        "open": "^8.4.0",
        "p-limit": "^6.2.0",
        "package-manager-detector": "^1.1.0",
        "picocolors": "^1.1.0",
        "picomatch": "^2.3.0",
        "picoquery": "^1.4.0",
        "polished": "^4.2.2",
        "polka": "^1.0.0-next.28",
        "prettier": "^3.5.3",
        "pretty-hrtime": "^1.0.3",
        "prompts": "^2.4.0",
        "react": "^18.2.0",
        "react-dom": "^18.2.0",
        "react-helmet-async": "^1.3.0",
        "react-inspector": "^6.0.0",
        "react-popper-tooltip": "^4.4.2",
        "react-router-dom": "6.15.0",
        "react-syntax-highlighter": "^15.4.5",
        "react-textarea-autosize": "^8.3.0",
        "react-transition-group": "^4.4.5",
        "require-from-string": "^2.0.2",
        "resolve-from": "^5.0.0",
        "sirv": "^2.0.4",
        "slash": "^5.0.0",
        "source-map": "^0.7.4",
        "store2": "^2.14.2",
        "strip-ansi": "^7.1.0",
        "strip-json-comments": "^5.0.1",
        "telejson": "8.0.0",
        "tiny-invariant": "^1.3.1",
        "tinyspy": "^3.0.2",
        "ts-dedent": "^2.0.0",
        "tsconfig-paths": "^4.2.0",
        "tsup": "^6.7.0",
        "type-fest": "^4.18.1",
        "typescript": "^5.8.3",
        "unique-string": "^3.0.0",
        "use-resize-observer": "^9.1.0",
        "watchpack": "^2.2.0",
        "zod": "^3.24.1"
      },
      "funding": {
        "type": "opencollective",
        "url": "https://opencollective.com/storybook"
      },
      "peerDependencies": {
        "prettier": "^2 || ^3"
      },
      "peerDependenciesMeta": {
        "prettier": {
          "optional": true
        }
      }
    },
    "../../node_modules/.pnpm/vite@5.2.10_@types+node@20.19.1/node_modules/vite": {
      "version": "5.2.10",
      "dev": true,
      "license": "MIT",
      "dependencies": {
        "esbuild": "^0.20.1",
        "postcss": "^8.4.38",
        "rollup": "^4.13.0"
      },
      "bin": {
        "vite": "bin/vite.js"
      },
      "devDependencies": {
        "@ampproject/remapping": "^2.3.0",
        "@babel/parser": "^7.24.4",
        "@jridgewell/trace-mapping": "^0.3.25",
        "@polka/compression": "^1.0.0-next.25",
        "@rollup/plugin-alias": "^5.1.0",
        "@rollup/plugin-commonjs": "^25.0.7",
        "@rollup/plugin-dynamic-import-vars": "^2.1.2",
        "@rollup/plugin-json": "^6.1.0",
        "@rollup/plugin-node-resolve": "15.2.3",
        "@rollup/plugin-typescript": "^11.1.6",
        "@rollup/pluginutils": "^5.1.0",
        "@types/escape-html": "^1.0.4",
        "@types/pnpapi": "^0.0.5",
        "acorn": "^8.11.3",
        "acorn-walk": "^8.3.2",
        "artichokie": "^0.2.0",
        "cac": "^6.7.14",
        "chokidar": "^3.6.0",
        "connect": "^3.7.0",
        "convert-source-map": "^2.0.0",
        "cors": "^2.8.5",
        "cross-spawn": "^7.0.3",
        "debug": "^4.3.4",
        "dep-types": "link:./src/types",
        "dotenv": "^16.4.5",
        "dotenv-expand": "^11.0.6",
        "es-module-lexer": "^1.5.0",
        "escape-html": "^1.0.3",
        "estree-walker": "^3.0.3",
        "etag": "^1.8.1",
        "fast-glob": "^3.3.2",
        "http-proxy": "^1.18.1",
        "launch-editor-middleware": "^2.6.1",
        "lightningcss": "^1.24.1",
        "magic-string": "^0.30.9",
        "micromatch": "^4.0.5",
        "mlly": "^1.6.1",
        "mrmime": "^2.0.0",
        "open": "^8.4.2",
        "parse5": "^7.1.2",
        "pathe": "^1.1.2",
        "periscopic": "^4.0.2",
        "picocolors": "^1.0.0",
        "picomatch": "^2.3.1",
        "postcss-import": "^16.1.0",
        "postcss-load-config": "^4.0.2",
        "postcss-modules": "^6.0.0",
        "resolve.exports": "^2.0.2",
        "rollup-plugin-dts": "^6.1.0",
        "rollup-plugin-esbuild": "^6.1.1",
        "rollup-plugin-license": "^3.3.1",
        "sass": "^1.74.1",
        "sirv": "^2.0.4",
        "source-map-support": "^0.5.21",
        "strip-ansi": "^7.1.0",
        "strip-literal": "^2.1.0",
        "tsconfck": "^3.0.3",
        "tslib": "^2.6.2",
        "types": "link:./types",
        "ufo": "^1.5.3",
        "ws": "^8.16.0"
      },
      "engines": {
        "node": "^18.0.0 || >=20.0.0"
      },
      "funding": {
        "url": "https://github.com/vitejs/vite?sponsor=1"
      },
      "optionalDependencies": {
        "fsevents": "~2.3.3"
      },
      "peerDependencies": {
        "@types/node": "^18.0.0 || >=20.0.0",
        "less": "*",
        "lightningcss": "^1.21.0",
        "sass": "*",
        "stylus": "*",
        "sugarss": "*",
        "terser": "^5.4.0"
      },
      "peerDependenciesMeta": {
        "@types/node": {
          "optional": true
        },
        "less": {
          "optional": true
        },
        "lightningcss": {
          "optional": true
        },
        "sass": {
          "optional": true
        },
        "stylus": {
          "optional": true
        },
        "sugarss": {
          "optional": true
        },
        "terser": {
          "optional": true
        }
      }
    },
    "node_modules/@chromatic-com/storybook": {
      "resolved": "../../node_modules/.pnpm/@chromatic-com+storybook@4.0.1_storybook@9.0.14_@testing-library+dom@10.4.0_/node_modules/@chromatic-com/storybook",
      "link": true
    },
    "node_modules/@fortawesome/fontawesome-svg-core": {
      "resolved": "../../node_modules/.pnpm/@fortawesome+fontawesome-svg-core@6.7.2/node_modules/@fortawesome/fontawesome-svg-core",
      "link": true
    },
    "node_modules/@fortawesome/free-solid-svg-icons": {
      "resolved": "../../node_modules/.pnpm/@fortawesome+free-solid-svg-icons@6.7.2/node_modules/@fortawesome/free-solid-svg-icons",
      "link": true
    },
    "node_modules/@fortawesome/vue-fontawesome": {
      "resolved": "../../node_modules/.pnpm/@fortawesome+vue-fontawesome@3.0.8_@fortawesome+fontawesome-svg-core@6.7.2_vue@3.5.17_typescript@5.8.3_/node_modules/@fortawesome/vue-fontawesome",
      "link": true
    },
    "node_modules/@storybook/addon-a11y": {
      "resolved": "../../node_modules/.pnpm/@storybook+addon-a11y@9.0.14_storybook@9.0.14_@testing-library+dom@10.4.0_/node_modules/@storybook/addon-a11y",
      "link": true
    },
    "node_modules/@storybook/addon-docs": {
      "resolved": "../../node_modules/.pnpm/@storybook+addon-docs@9.0.14_@types+react@19.1.8_storybook@9.0.14_@testing-library+dom@10.4.0_/node_modules/@storybook/addon-docs",
      "link": true
    },
    "node_modules/@storybook/addon-vitest": {
      "resolved": "../../node_modules/.pnpm/@storybook+addon-vitest@9.0.14_@vitest+browser@3.2.4_react-dom@19.1.0_react@19.1.0__rea_19dd1a2acd8d2889b6ab24312e1806bb/node_modules/@storybook/addon-vitest",
      "link": true
    },
    "node_modules/@storybook/test": {
      "resolved": "../../node_modules/.pnpm/@storybook+test@8.6.14_storybook@9.0.14_@testing-library+dom@10.4.0_/node_modules/@storybook/test",
      "link": true
    },
    "node_modules/@storybook/vue3-vite": {
      "resolved": "../../node_modules/.pnpm/@storybook+vue3-vite@9.0.14_storybook@9.0.14_@testing-library+dom@10.4.0__vite@5.2.10_@_8beb8f19b02d3efd02d7ea950303782a/node_modules/@storybook/vue3-vite",
      "link": true
    },
    "node_modules/@vitejs/plugin-vue": {
      "resolved": "../../node_modules/.pnpm/@vitejs+plugin-vue@6.0.0_vite@5.2.10_@types+node@20.19.1__vue@3.5.17_typescript@5.8.3_/node_modules/@vitejs/plugin-vue",
      "link": true
    },
    "node_modules/@vitest/browser": {
      "resolved": "../../node_modules/.pnpm/@vitest+browser@3.2.4_playwright@1.53.1_vite@5.2.10_@types+node@20.19.1__vitest@1.6.1/node_modules/@vitest/browser",
      "link": true
    },
    "node_modules/@vitest/coverage-v8": {
      "resolved": "../../node_modules/.pnpm/@vitest+coverage-v8@3.2.4_@vitest+browser@3.2.4_vitest@1.6.1/node_modules/@vitest/coverage-v8",
      "link": true
    },
    "node_modules/@vue/tsconfig": {
      "resolved": "../../node_modules/.pnpm/@vue+tsconfig@0.7.0_typescript@5.8.3_vue@3.5.17_typescript@5.8.3_/node_modules/@vue/tsconfig",
      "link": true
    },
    "node_modules/playwright": {
      "resolved": "../../node_modules/.pnpm/playwright@1.53.1/node_modules/playwright",
      "link": true
    },
    "node_modules/storybook": {
      "resolved": "../../node_modules/.pnpm/storybook@9.0.14_@testing-library+dom@10.4.0/node_modules/storybook",
      "link": true
    },
    "node_modules/vite": {
      "resolved": "../../node_modules/.pnpm/vite@5.2.10_@types+node@20.19.1/node_modules/vite",
      "link": true
    }
  }
}
